// !$*UTF8*$!
{
	archiveVersion = 1;
	classes = {
	};
	objectVersion = 50;
	objects = {

/* Begin PBXBuildFile section */
		43CBEFAD226DA2740015FA10 /* AppDelegate.m in Sources */ = {isa = PBXBuildFile; fileRef = 43CBEFAC226DA2740015FA10 /* AppDelegate.m */; };
		43CBEFB0226DA2740015FA10 /* ViewController.m in Sources */ = {isa = PBXBuildFile; fileRef = 43CBEFAF226DA2740015FA10 /* ViewController.m */; };
		43CBEFB3226DA2740015FA10 /* Main.storyboard in Resources */ = {isa = PBXBuildFile; fileRef = 43CBEFB1226DA2740015FA10 /* Main.storyboard */; };
		43CBEFB5226DA2770015FA10 /* Assets.xcassets in Resources */ = {isa = PBXBuildFile; fileRef = 43CBEFB4226DA2770015FA10 /* Assets.xcassets */; };
		43CBEFB8226DA2770015FA10 /* LaunchScreen.storyboard in Resources */ = {isa = PBXBuildFile; fileRef = 43CBEFB6226DA2770015FA10 /* LaunchScreen.storyboard */; };
		43CBEFBB226DA2770015FA10 /* main.m in Sources */ = {isa = PBXBuildFile; fileRef = 43CBEFBA226DA2770015FA10 /* main.m */; };
/* End PBXBuildFile section */

/* Begin PBXFileReference section */
		43CBEFA8226DA2740015FA10 /* DCLockStudy.app */ = {isa = PBXFileReference; explicitFileType = wrapper.application; includeInIndex = 0; path = DCLockStudy.app; sourceTree = BUILT_PRODUCTS_DIR; };
		43CBEFAB226DA2740015FA10 /* AppDelegate.h */ = {isa = PBXFileReference; lastKnownFileType = sourcecode.c.h; path = AppDelegate.h; sourceTree = "<group>"; };
		43CBEFAC226DA2740015FA10 /* AppDelegate.m */ = {isa = PBXFileReference; lastKnownFileType = sourcecode.c.objc; path = AppDelegate.m; sourceTree = "<group>"; };
		43CBEFAE226DA2740015FA10 /* ViewController.h */ = {isa = PBXFileReference; lastKnownFileType = sourcecode.c.h; path = ViewController.h; sourceTree = "<group>"; };
		43CBEFAF226DA2740015FA10 /* ViewController.m */ = {isa = PBXFileReference; lastKnownFileType = sourcecode.c.objc; path = ViewController.m; sourceTree = "<group>"; };
		43CBEFB2226DA2740015FA10 /* Base */ = {isa = PBXFileReference; lastKnownFileType = file.storyboard; name = Base; path = Base.lproj/Main.storyboard; sourceTree = "<group>"; };
		43CBEFB4226DA2770015FA10 /* Assets.xcassets */ = {isa = PBXFileReference; lastKnownFileType = folder.assetcatalog; path = Assets.xcassets; sourceTree = "<group>"; };
		43CBEFB7226DA2770015FA10 /* Base */ = {isa = PBXFileReference; lastKnownFileType = file.storyboard; name = Base; path = Base.lproj/LaunchScreen.storyboard; sourceTree = "<group>"; };
		43CBEFB9226DA2770015FA10 /* Info.plist */ = {isa = PBXFileReference; lastKnownFileType = text.plist.xml; path = Info.plist; sourceTree = "<group>"; };
		43CBEFBA226DA2770015FA10 /* main.m */ = {isa = PBXFileReference; lastKnownFileType = sourcecode.c.objc; path = main.m; sourceTree = "<group>"; };
/* End PBXFileReference section */

/* Begin PBXFrameworksBuildPhase section */
		43CBEFA5226DA2740015FA10 /* Frameworks */ = {
			isa = PBXFrameworksBuildPhase;
			buildActionMask = 2147483647;
			files = (
			);
			runOnlyForDeploymentPostprocessing = 0;
		};
/* End PBXFrameworksBuildPhase section */

/* Begin PBXGroup section */
		43CBEF9F226DA2740015FA10 = {
			isa = PBXGroup;
			children = (
				43CBEFAA226DA2740015FA10 /* DCLockStudy */,
				43CBEFA9226DA2740015FA10 /* Products */,
			);
			sourceTree = "<group>";
		};
		43CBEFA9226DA2740015FA10 /* Products */ = {
			isa = PBXGroup;
			children = (
				43CBEFA8226DA2740015FA10 /* DCLockStudy.app */,
			);
			name = Products;
			sourceTree = "<group>";
		};
		43CBEFAA226DA2740015FA10 /* DCLockStudy */ = {
			isa = PBXGroup;
			children = (
				43CBEFAB226DA2740015FA10 /* AppDelegate.h */,
				43CBEFAC226DA2740015FA10 /* AppDelegate.m */,
				43CBEFAE226DA2740015FA10 /* ViewController.h */,
				43CBEFAF226DA2740015FA10 /* ViewController.m */,
				43CBEFB1226DA2740015FA10 /* Main.storyboard */,
				43CBEFB4226DA2770015FA10 /* Assets.xcassets */,
				43CBEFB6226DA2770015FA10 /* LaunchScreen.storyboard */,
				43CBEFB9226DA2770015FA10 /* Info.plist */,
				43CBEFBA226DA2770015FA10 /* main.m */,
			);
			path = DCLockStudy;
			sourceTree = "<group>";
		};
/* End PBXGroup section */

/* Begin PBXNativeTarget section */
		43CBEFA7226DA2740015FA10 /* DCLockStudy */ = {
			isa = PBXNativeTarget;
			buildConfigurationList = 43CBEFBE226DA2770015FA10 /* Build configuration list for PBXNativeTarget "DCLockStudy" */;
			buildPhases = (
				43CBEFA4226DA2740015FA10 /* Sources */,
				43CBEFA5226DA2740015FA10 /* Frameworks */,
				43CBEFA6226DA2740015FA10 /* Resources */,
			);
			buildRules = (
			);
			dependencies = (
			);
			name = DCLockStudy;
			productName = DCLockStudy;
			productReference = 43CBEFA8226DA2740015FA10 /* DCLockStudy.app */;
			productType = "com.apple.product-type.application";
		};
/* End PBXNativeTarget section */

/* Begin PBXProject section */
		43CBEFA0226DA2740015FA10 /* Project object */ = {
			isa = PBXProject;
			attributes = {
				LastUpgradeCheck = 1010;
				ORGANIZATIONNAME = DC;
				TargetAttributes = {
					43CBEFA7226DA2740015FA10 = {
						CreatedOnToolsVersion = 10.1;
					};
				};
			};
			buildConfigurationList = 43CBEFA3226DA2740015FA10 /* Build configuration list for PBXProject "DCLockStudy" */;
			compatibilityVersion = "Xcode 9.3";
			developmentRegion = en;
			hasScannedForEncodings = 0;
			knownRegions = (
				en,
				Base,
			);
			mainGroup = 43CBEF9F226DA2740015FA10;
			productRefGroup = 43CBEFA9226DA2740015FA10 /* Products */;
			projectDirPath = "";
			projectRoot = "";
			targets = (
				43CBEFA7226DA2740015FA10 /* DCLockStudy */,
			);
		};
/* End PBXProject section */

/* Begin PBXResourcesBuildPhase section */
		43CBEFA6226DA2740015FA10 /* Resources */ = {
			isa = PBXResourcesBuildPhase;
			buildActionMask = 2147483647;
			files = (
				43CBEFB8226DA2770015FA10 /* LaunchScreen.storyboard in Resources */,
				43CBEFB5226DA2770015FA10 /* Assets.xcassets in Resources */,
				43CBEFB3226DA2740015FA10 /* Main.storyboard in Resources */,
			);
			runOnlyForDeploymentPostprocessing = 0;
		};
/* End PBXResourcesBuildPhase section */

/* Begin PBXSourcesBuildPhase section */
		43CBEFA4226DA2740015FA10 /* Sources */ = {
			isa = PBXSourcesBuildPhase;
			buildActionMask = 2147483647;
			files = (
				43CBEFB0226DA2740015FA10 /* ViewController.m in Sources */,
				43CBEFBB226DA2770015FA10 /* main.m in Sources */,
				43CBEFAD226DA2740015FA10 /* AppDelegate.m in Sources */,
			);
			runOnlyForDeploymentPostprocessing = 0;
		};
/* End PBXSourcesBuildPhase section */

/* Begin PBXVariantGroup section */
		43CBEFB1226DA2740015FA10 /* Main.storyboard */ = {
			isa = PBXVariantGroup;
			children = (
				43CBEFB2226DA2740015FA10 /* Base */,
			);
			name = Main.storyboard;
			sourceTree = "<group>";
		};
		43CBEFB6226DA2770015FA10 /* LaunchScreen.storyboard */ = {
			isa = PBXVariantGroup;
			children = (
				43CBEFB7226DA2770015FA10 /* Base */,
			);
			name = LaunchScreen.storyboard;
			sourceTree = "<group>";
		};
/* End PBXVariantGroup section */

/* Begin XCBuildConfiguration section */
		43CBEFBC226DA2770015FA10 /* Debug */ = {
			isa = XCBuildConfiguration;
			buildSettings = {
				ALWAYS_SEARCH_USER_PATHS = NO;
				CLANG_ANALYZER_NONNULL = YES;
				CLANG_ANALYZER_NUMBER_OBJECT_CONVERSION = YES_AGGRESSIVE;
				CLANG_CXX_LANGUAGE_STANDARD = "gnu++14";
				CLANG_CXX_LIBRARY = "libc++";
				CLANG_ENABLE_MODULES = YES;
				CLANG_ENABLE_OBJC_ARC = YES;
				CLANG_ENABLE_OBJC_WEAK = YES;
				CLANG_WARN_BLOCK_CAPTURE_AUTORELEASING = YES;
				CLANG_WARN_BOOL_CONVERSION = YES;
				CLANG_WARN_COMMA = YES;
				CLANG_WARN_CONSTANT_CONVERSION = YES;
				CLANG_WARN_DEPRECATED_OBJC_IMPLEMENTATIONS = YES;
				CLANG_WARN_DIRECT_OBJC_ISA_USAGE = YES_ERROR;
				CLANG_WARN_DOCUMENTATION_COMMENTS = YES;
				CLANG_WARN_EMPTY_BODY = YES;
				CLANG_WARN_ENUM_CONVERSION = YES;
				CLANG_WARN_INFINITE_RECURSION = YES;
				CLANG_WARN_INT_CONVERSION = YES;
				CLANG_WARN_NON_LITERAL_NULL_CONVERSION = YES;
				CLANG_WARN_OBJC_IMPLICIT_RETAIN_SELF = YES;
				CLANG_WARN_OBJC_LITERAL_CONVERSION = YES;
				CLANG_WARN_OBJC_ROOT_CLASS = YES_ERROR;
				CLANG_WARN_RANGE_LOOP_ANALYSIS = YES;
				CLANG_WARN_STRICT_PROTOTYPES = YES;
				CLANG_WARN_SUSPICIOUS_MOVE = YES;
				CLANG_WARN_UNGUARDED_AVAILABILITY = YES_AGGRESSIVE;
				CLANG_WARN_UNREACHABLE_CODE = YES;
				CLANG_WARN__DUPLICATE_METHOD_MATCH = YES;
				CODE_SIGN_IDENTITY = "iPhone Developer";
				COPY_PHASE_STRIP = NO;
				DEBUG_INFORMATION_FORMAT = dwarf;
				ENABLE_STRICT_OBJC_MSGSEND = YES;
				ENABLE_TESTABILITY = YES;
				GCC_C_LANGUAGE_STANDARD = gnu11;
				GCC_DYNAMIC_NO_PIC = NO;
				GCC_NO_COMMON_BLOCKS = YES;
				GCC_OPTIMIZATION_LEVEL = 0;
				GCC_PREPROCESSOR_DEFINITIONS = (
					"DEBUG=1",
					"$(inherited)",
				);
				GCC_WARN_64_TO_32_BIT_CONVERSION = YES;
				GCC_WARN_ABOUT_RETURN_TYPE = YES_ERROR;
				GCC_WARN_UNDECLARED_SELECTOR = YES;
				GCC_WARN_UNINITIALIZED_AUTOS = YES_AGGRESSIVE;
				GCC_WARN_UNUSED_FUNCTION = YES;
				GCC_WARN_UNUSED_VARIABLE = YES;
				IPHONEOS_DEPLOYMENT_TARGET = 12.1;
				MTL_ENABLE_DEBUG_INFO = INCLUDE_SOURCE;
				MTL_FAST_MATH = YES;
				ONLY_ACTIVE_ARCH = YES;
				SDKROOT = iphoneos;
			};
			name = Debug;
		};
		43CBEFBD226DA2770015FA10 /* Release */ = {
			isa = XCBuildConfiguration;
			buildSettings = {
				ALWAYS_SEARCH_USER_PATHS = NO;
				CLANG_ANALYZER_NONNULL = YES;
				CLANG_ANALYZER_NUMBER_OBJECT_CONVERSION = YES_AGGRESSIVE;
				CLANG_CXX_LANGUAGE_STANDARD = "gnu++14";
				CLANG_CXX_LIBRARY = "libc++";
				CLANG_ENABLE_MODULES = YES;
				CLANG_ENABLE_OBJC_ARC = YES;
				CLANG_ENABLE_OBJC_WEAK = YES;
				CLANG_WARN_BLOCK_CAPTURE_AUTORELEASING = YES;
				CLANG_WARN_BOOL_CONVERSION = YES;
				CLANG_WARN_COMMA = YES;
				CLANG_WARN_CONSTANT_CONVERSION = YES;
				CLANG_WARN_DEPRECATED_OBJC_IMPLEMENTATIONS = YES;
				CLANG_WARN_DIRECT_OBJC_ISA_USAGE = YES_ERROR;
				CLANG_WARN_DOCUMENTATION_COMMENTS = YES;
				CLANG_WARN_EMPTY_BODY = YES;
				CLANG_WARN_ENUM_CONVERSION = YES;
				CLANG_WARN_INFINITE_RECURSION = YES;
				CLANG_WARN_INT_CONVERSION = YES;
				CLANG_WARN_NON_LITERAL_NULL_CONVERSION = YES;
				CLANG_WARN_OBJC_IMPLICIT_RETAIN_SELF = YES;
				CLANG_WARN_OBJC_LITERAL_CONVERSION = YES;
				CLANG_WARN_OBJC_ROOT_CLASS = YES_ERROR;
				CLANG_WARN_RANGE_LOOP_ANALYSIS = YES;
				CLANG_WARN_STRICT_PROTOTYPES = YES;
				CLANG_WARN_SUSPICIOUS_MOVE = YES;
				CLANG_WARN_UNGUARDED_AVAILABILITY = YES_AGGRESSIVE;
				CLANG_WARN_UNREACHABLE_CODE = YES;
				CLANG_WARN__DUPLICATE_METHOD_MATCH = YES;
				CODE_SIGN_IDENTITY = "iPhone Developer";
				COPY_PHASE_STRIP = NO;
				DEBUG_INFORMATION_FORMAT = "dwarf-with-dsym";
				ENABLE_NS_ASSERTIONS = NO;
				ENABLE_STRICT_OBJC_MSGSEND = YES;
				GCC_C_LANGUAGE_STANDARD = gnu11;
				GCC_NO_COMMON_BLOCKS = YES;
				GCC_WARN_64_TO_32_BIT_CONVERSION = YES;
				GCC_WARN_ABOUT_RETURN_TYPE = YES_ERROR;
				GCC_WARN_UNDECLARED_SELECTOR = YES;
				GCC_WARN_UNINITIALIZED_AUTOS = YES_AGGRESSIVE;
				GCC_WARN_UNUSED_FUNCTION = YES;
				GCC_WARN_UNUSED_VARIABLE = YES;
				IPHONEOS_DEPLOYMENT_TARGET = 12.1;
				MTL_ENABLE_DEBUG_INFO = NO;
				MTL_FAST_MATH = YES;
				SDKROOT = iphoneos;
				VALIDATE_PRODUCT = YES;
			};
			name = Release;
		};
		43CBEFBF226DA2770015FA10 /* Debug */ = {
			isa = XCBuildConfiguration;
			buildSettings = {
				ASSETCATALOG_COMPILER_APPICON_NAME = AppIcon;
				CODE_SIGN_STYLE = Automatic;
				DEVELOPMENT_TEAM = HHX694MS79;
				INFOPLIST_FILE = DCLockStudy/Info.plist;
				LD_RUNPATH_SEARCH_PATHS = (
					"$(inherited)",
					"@executable_path/Frameworks",
				);
				PRODUCT_BUNDLE_IDENTIFIER = com.landz.www.DCLockStudy;
				PRODUCT_NAME = "$(TARGET_NAME)";
				TARGETED_DEVICE_FAMILY = "1,2";
			};
			name = Debug;
		};
		43CBEFC0226DA2770015FA10 /* Release */ = {
			isa = XCBuildConfiguration;
			buildSettings = {
				ASSETCATALOG_COMPILER_APPICON_NAME = AppIcon;
				CODE_SIGN_STYLE = Automatic;
				DEVELOPMENT_TEAM = HHX694MS79;
				INFOPLIST_FILE = DCLockStudy/Info.plist;
				LD_RUNPATH_SEARCH_PATHS = (
					"$(inherited)",
					"@executable_path/Frameworks",
				);
				PRODUCT_BUNDLE_IDENTIFIER = com.landz.www.DCLockStudy;
				PRODUCT_NAME = "$(TARGET_NAME)";
				TARGETED_DEVICE_FAMILY = "1,2";
			};
			name = Release;
		};
/* End XCBuildConfiguration section */

/* Begin XCConfigurationList section */
		43CBEFA3226DA2740015FA10 /* Build configuration list for PBXProject "DCLockStudy" */ = {
			isa = XCConfigurationList;
			buildConfigurations = (
				43CBEFBC226DA2770015FA10 /* Debug */,
				43CBEFBD226DA2770015FA10 /* Release */,
			);
			defaultConfigurationIsVisible = 0;
			defaultConfigurationName = Release;
		};
		43CBEFBE226DA2770015FA10 /* Build configuration list for PBXNativeTarget "DCLockStudy" */ = {
			isa = XCConfigurationList;
			buildConfigurations = (
				43CBEFBF226DA2770015FA10 /* Debug */,
				43CBEFC0226DA2770015FA10 /* Release */,
			);
			defaultConfigurationIsVisible = 0;
			defaultConfigurationName = Release;
		};
/* End XCConfigurationList section */
	};
	rootObject = 43CBEFA0226DA2740015FA10 /* Project object */;
}
